
Microsoft Visual Studio Solution File, Format Version 10.00
# Visual C++ Express 2008
Project("{8BC9CEB8-8B4A-11D0-8D11-00A0C91BC942}") = "libfwevt", "libfwevt\libfwevt.vcproj", "{C6DCD3D9-4397-466E-AC94-49A590DA0EC6}"
	ProjectSection(ProjectDependencies) = postProject
		{5299814A-9BDD-4F91-ADF9-723068B3B642} = {5299814A-9BDD-4F91-ADF9-723068B3B642}
		{48D8ABE8-71E3-4C29-A265-138C36783578} = {48D8ABE8-71E3-4C29-A265-138C36783578}
		{55652C23-9FE0-4E5B-930C-C3675C980351} = {55652C23-9FE0-4E5B-930C-C3675C980351}
		{E31E45A2-E02E-49E7-843B-F390127F1184} = {E31E45A2-E02E-49E7-843B-F390127F1184}
		{F6707C74-BCE0-40FC-9900-DDA579029FBA} = {F6707C74-BCE0-40FC-9900-DDA579029FBA}
		{9C232121-5F91-4559-A4F5-AAFAB5BDE0FC} = {9C232121-5F91-4559-A4F5-AAFAB5BDE0FC}
		{35A5D4B4-775C-40E3-B364-19562437CD80} = {35A5D4B4-775C-40E3-B364-19562437CD80}
		{40BA88AF-9923-4FC6-8466-CB5833843AC4} = {40BA88AF-9923-4FC6-8466-CB5833843AC4}
	EndProjectSection
EndProject
Project("{8BC9CEB8-8B4A-11D0-8D11-00A0C91BC942}") = "libfcache", "libfcache\libfcache.vcproj", "{4B4599D2-DBF5-4E0A-9669-94032C1320A9}"
	ProjectSection(ProjectDependencies) = postProject
		{5299814A-9BDD-4F91-ADF9-723068B3B642} = {5299814A-9BDD-4F91-ADF9-723068B3B642}
		{48D8ABE8-71E3-4C29-A265-138C36783578} = {48D8ABE8-71E3-4C29-A265-138C36783578}
		{55652C23-9FE0-4E5B-930C-C3675C980351} = {55652C23-9FE0-4E5B-930C-C3675C980351}
	EndProjectSection
EndProject
Project("{8BC9CEB8-8B4A-11D0-8D11-00A0C91BC942}") = "libexe", "libexe\libexe.vcproj", "{D9D3120F-1242-4538-82CD-A99B1BC9A3DF}"
	ProjectSection(ProjectDependencies) = postProject
		{5299814A-9BDD-4F91-ADF9-723068B3B642} = {5299814A-9BDD-4F91-ADF9-723068B3B642}
		{48D8ABE8-71E3-4C29-A265-138C36783578} = {48D8ABE8-71E3-4C29-A265-138C36783578}
		{55652C23-9FE0-4E5B-930C-C3675C980351} = {55652C23-9FE0-4E5B-930C-C3675C980351}
		{754A36B3-E1DC-4975-89E4-EF0D82ACBC3B} = {754A36B3-E1DC-4975-89E4-EF0D82ACBC3B}
		{E31E45A2-E02E-49E7-843B-F390127F1184} = {E31E45A2-E02E-49E7-843B-F390127F1184}
		{A352758D-DD49-406B-81F3-FC8494D52B88} = {A352758D-DD49-406B-81F3-FC8494D52B88}
		{40BA88AF-9923-4FC6-8466-CB5833843AC4} = {40BA88AF-9923-4FC6-8466-CB5833843AC4}
		{3AF383AB-F184-4190-84DF-453ACE4CA89D} = {3AF383AB-F184-4190-84DF-453ACE4CA89D}
		{6FB36D12-30F9-49F5-B4B6-2E58C4390438} = {6FB36D12-30F9-49F5-B4B6-2E58C4390438}
		{7A4327FF-CA12-4A1A-A7CF-5328BDAA9942} = {7A4327FF-CA12-4A1A-A7CF-5328BDAA9942}
		{4B4599D2-DBF5-4E0A-9669-94032C1320A9} = {4B4599D2-DBF5-4E0A-9669-94032C1320A9}
		{AABC80BB-79B3-49BA-8A90-9AAC2A3B404F} = {AABC80BB-79B3-49BA-8A90-9AAC2A3B404F}
		{F6707C74-BCE0-40FC-9900-DDA579029FBA} = {F6707C74-BCE0-40FC-9900-DDA579029FBA}
	EndProjectSection
EndProject
Project("{8BC9CEB8-8B4A-11D0-8D11-00A0C91BC942}") = "libfguid", "libfguid\libfguid.vcproj", "{9C232121-5F91-4559-A4F5-AAFAB5BDE0FC}"
	ProjectSection(ProjectDependencies) = postProject
		{5299814A-9BDD-4F91-ADF9-723068B3B642} = {5299814A-9BDD-4F91-ADF9-723068B3B642}
	EndProjectSection
EndProject
Project("{8BC9CEB8-8B4A-11D0-8D11-00A0C91BC942}") = "evtx_test_chunk", "evtx_test_chunk\evtx_test_chunk.vcproj", "{D840C869-2266-4422-BD66-CAF20CED4832}"
	ProjectSection(ProjectDependencies) = postProject
		{91D35439-5C77-4084-B94A-45B055A97971} = {91D35439-5C77-4084-B94A-45B055A97971}
		{5299814A-9BDD-4F91-ADF9-723068B3B642} = {5299814A-9BDD-4F91-ADF9-723068B3B642}
	EndProjectSection
EndProject
Project("{8BC9CEB8-8B4A-11D0-8D11-00A0C91BC942}") = "evtx_test_chunks_table", "evtx_test_chunks_table\evtx_test_chunks_table.vcproj", "{2AE899E9-29D4-4921-9B34-470BD450ADDB}"
	ProjectSection(ProjectDependencies) = postProject
		{91D35439-5C77-4084-B94A-45B055A97971} = {91D35439-5C77-4084-B94A-45B055A97971}
		{5299814A-9BDD-4F91-ADF9-723068B3B642} = {5299814A-9BDD-4F91-ADF9-723068B3B642}
	EndProjectSection
EndProject
Project("{8BC9CEB8-8B4A-11D0-8D11-00A0C91BC942}") = "evtx_test_error", "evtx_test_error\evtx_test_error.vcproj", "{D5374706-39C2-43A0-BCEA-D4A5B3F7E452}"
	ProjectSection(ProjectDependencies) = postProject
		{91D35439-5C77-4084-B94A-45B055A97971} = {91D35439-5C77-4084-B94A-45B055A97971}
	EndProjectSection
EndProject
Project("{8BC9CEB8-8B4A-11D0-8D11-00A0C91BC942}") = "evtx_test_file", "evtx_test_file\evtx_test_file.vcproj", "{EE2C5CA8-AD6D-43FD-94F5-5711BA1007EB}"
	ProjectSection(ProjectDependencies) = postProject
		{40BA88AF-9923-4FC6-8466-CB5833843AC4} = {40BA88AF-9923-4FC6-8466-CB5833843AC4}
		{E31E45A2-E02E-49E7-843B-F390127F1184} = {E31E45A2-E02E-49E7-843B-F390127F1184}
		{754A36B3-E1DC-4975-89E4-EF0D82ACBC3B} = {754A36B3-E1DC-4975-89E4-EF0D82ACBC3B}
		{55652C23-9FE0-4E5B-930C-C3675C980351} = {55652C23-9FE0-4E5B-930C-C3675C980351}
		{91D35439-5C77-4084-B94A-45B055A97971} = {91D35439-5C77-4084-B94A-45B055A97971}
		{48D8ABE8-71E3-4C29-A265-138C36783578} = {48D8ABE8-71E3-4C29-A265-138C36783578}
		{5299814A-9BDD-4F91-ADF9-723068B3B642} = {5299814A-9BDD-4F91-ADF9-723068B3B642}
	EndProjectSection
EndProject
Project("{8BC9CEB8-8B4A-11D0-8D11-00A0C91BC942}") = "evtx_test_io_handle", "evtx_test_io_handle\evtx_test_io_handle.vcproj", "{6ECA82D7-4570-4B9E-AF48-D3C7312912C8}"
	ProjectSection(ProjectDependencies) = postProject
		{91D35439-5C77-4084-B94A-45B055A97971} = {91D35439-5C77-4084-B94A-45B055A97971}
		{5299814A-9BDD-4F91-ADF9-723068B3B642} = {5299814A-9BDD-4F91-ADF9-723068B3B642}
	EndProjectSection
EndProject
Project("{8BC9CEB8-8B4A-11D0-8D11-00A0C91BC942}") = "evtx_test_notify", "evtx_test_notify\evtx_test_notify.vcproj", "{817CFF30-C20D-4B97-B144-0957548613D4}"
	ProjectSection(ProjectDependencies) = postProject
		{91D35439-5C77-4084-B94A-45B055A97971} = {91D35439-5C77-4084-B94A-45B055A97971}
	EndProjectSection
EndProject
Project("{8BC9CEB8-8B4A-11D0-8D11-00A0C91BC942}") = "evtx_test_record", "evtx_test_record\evtx_test_record.vcproj", "{51C5C6C4-684E-4B2E-A220-3F177CD5D139}"
	ProjectSection(ProjectDependencies) = postProject
		{91D35439-5C77-4084-B94A-45B055A97971} = {91D35439-5C77-4084-B94A-45B055A97971}
		{5299814A-9BDD-4F91-ADF9-723068B3B642} = {5299814A-9BDD-4F91-ADF9-723068B3B642}
	EndProjectSection
EndProject
Project("{8BC9CEB8-8B4A-11D0-8D11-00A0C91BC942}") = "evtx_test_record_values", "evtx_test_record_values\evtx_test_record_values.vcproj", "{A73C40E8-0224-41D6-8FB0-C46CC44215B0}"
	ProjectSection(ProjectDependencies) = postProject
		{91D35439-5C77-4084-B94A-45B055A97971} = {91D35439-5C77-4084-B94A-45B055A97971}
		{5299814A-9BDD-4F91-ADF9-723068B3B642} = {5299814A-9BDD-4F91-ADF9-723068B3B642}
	EndProjectSection
EndProject
Project("{8BC9CEB8-8B4A-11D0-8D11-00A0C91BC942}") = "evtx_test_support", "evtx_test_support\evtx_test_support.vcproj", "{98244676-8D2C-4900-A8CA-E7357EA78844}"
	ProjectSection(ProjectDependencies) = postProject
		{7A4327FF-CA12-4A1A-A7CF-5328BDAA9942} = {7A4327FF-CA12-4A1A-A7CF-5328BDAA9942}
		{6FB36D12-30F9-49F5-B4B6-2E58C4390438} = {6FB36D12-30F9-49F5-B4B6-2E58C4390438}
		{3AF383AB-F184-4190-84DF-453ACE4CA89D} = {3AF383AB-F184-4190-84DF-453ACE4CA89D}
		{40BA88AF-9923-4FC6-8466-CB5833843AC4} = {40BA88AF-9923-4FC6-8466-CB5833843AC4}
		{E31E45A2-E02E-49E7-843B-F390127F1184} = {E31E45A2-E02E-49E7-843B-F390127F1184}
		{754A36B3-E1DC-4975-89E4-EF0D82ACBC3B} = {754A36B3-E1DC-4975-89E4-EF0D82ACBC3B}
		{55652C23-9FE0-4E5B-930C-C3675C980351} = {55652C23-9FE0-4E5B-930C-C3675C980351}
		{91D35439-5C77-4084-B94A-45B055A97971} = {91D35439-5C77-4084-B94A-45B055A97971}
		{5299814A-9BDD-4F91-ADF9-723068B3B642} = {5299814A-9BDD-4F91-ADF9-723068B3B642}
	EndProjectSection
EndProject
Project("{8BC9CEB8-8B4A-11D0-8D11-00A0C91BC942}") = "evtx_test_template_definition", "evtx_test_template_definition\evtx_test_template_definition.vcproj", "{F7453089-EA30-4F71-9C6E-630C02E37383}"
	ProjectSection(ProjectDependencies) = postProject
		{91D35439-5C77-4084-B94A-45B055A97971} = {91D35439-5C77-4084-B94A-45B055A97971}
		{5299814A-9BDD-4F91-ADF9-723068B3B642} = {5299814A-9BDD-4F91-ADF9-723068B3B642}
	EndProjectSection
EndProject
Project("{8BC9CEB8-8B4A-11D0-8D11-00A0C91BC942}") = "libevtx", "libevtx\libevtx.vcproj", "{91D35439-5C77-4084-B94A-45B055A97971}"
	ProjectSection(ProjectDependencies) = postProject
		{5299814A-9BDD-4F91-ADF9-723068B3B642} = {5299814A-9BDD-4F91-ADF9-723068B3B642}
		{48D8ABE8-71E3-4C29-A265-138C36783578} = {48D8ABE8-71E3-4C29-A265-138C36783578}
		{55652C23-9FE0-4E5B-930C-C3675C980351} = {55652C23-9FE0-4E5B-930C-C3675C980351}
		{754A36B3-E1DC-4975-89E4-EF0D82ACBC3B} = {754A36B3-E1DC-4975-89E4-EF0D82ACBC3B}
		{E31E45A2-E02E-49E7-843B-F390127F1184} = {E31E45A2-E02E-49E7-843B-F390127F1184}
		{A352758D-DD49-406B-81F3-FC8494D52B88} = {A352758D-DD49-406B-81F3-FC8494D52B88}
		{40BA88AF-9923-4FC6-8466-CB5833843AC4} = {40BA88AF-9923-4FC6-8466-CB5833843AC4}
		{3AF383AB-F184-4190-84DF-453ACE4CA89D} = {3AF383AB-F184-4190-84DF-453ACE4CA89D}
		{6FB36D12-30F9-49F5-B4B6-2E58C4390438} = {6FB36D12-30F9-49F5-B4B6-2E58C4390438}
		{7A4327FF-CA12-4A1A-A7CF-5328BDAA9942} = {7A4327FF-CA12-4A1A-A7CF-5328BDAA9942}
		{4B4599D2-DBF5-4E0A-9669-94032C1320A9} = {4B4599D2-DBF5-4E0A-9669-94032C1320A9}
		{AABC80BB-79B3-49BA-8A90-9AAC2A3B404F} = {AABC80BB-79B3-49BA-8A90-9AAC2A3B404F}
		{F6707C74-BCE0-40FC-9900-DDA579029FBA} = {F6707C74-BCE0-40FC-9900-DDA579029FBA}
		{9C232121-5F91-4559-A4F5-AAFAB5BDE0FC} = {9C232121-5F91-4559-A4F5-AAFAB5BDE0FC}
		{C6DCD3D9-4397-466E-AC94-49A590DA0EC6} = {C6DCD3D9-4397-466E-AC94-49A590DA0EC6}
		{1D7A10ED-2939-4C11-BAA0-D37C2A8CD6F7} = {1D7A10ED-2939-4C11-BAA0-D37C2A8CD6F7}
		{35A5D4B4-775C-40E3-B364-19562437CD80} = {35A5D4B4-775C-40E3-B364-19562437CD80}
	EndProjectSection
EndProject
Project("{8BC9CEB8-8B4A-11D0-8D11-00A0C91BC942}") = "libclocale", "libclocale\libclocale.vcproj", "{754A36B3-E1DC-4975-89E4-EF0D82ACBC3B}"
	ProjectSection(ProjectDependencies) = postProject
		{5299814A-9BDD-4F91-ADF9-723068B3B642} = {5299814A-9BDD-4F91-ADF9-723068B3B642}
	EndProjectSection
EndProject
Project("{8BC9CEB8-8B4A-11D0-8D11-00A0C91BC942}") = "libbfio", "libbfio\libbfio.vcproj", "{7A4327FF-CA12-4A1A-A7CF-5328BDAA9942}"
	ProjectSection(ProjectDependencies) = postProject
		{5299814A-9BDD-4F91-ADF9-723068B3B642} = {5299814A-9BDD-4F91-ADF9-723068B3B642}
		{48D8ABE8-71E3-4C29-A265-138C36783578} = {48D8ABE8-71E3-4C29-A265-138C36783578}
		{754A36B3-E1DC-4975-89E4-EF0D82ACBC3B} = {754A36B3-E1DC-4975-89E4-EF0D82ACBC3B}
		{E31E45A2-E02E-49E7-843B-F390127F1184} = {E31E45A2-E02E-49E7-843B-F390127F1184}
		{55652C23-9FE0-4E5B-930C-C3675C980351} = {55652C23-9FE0-4E5B-930C-C3675C980351}
		{A352758D-DD49-406B-81F3-FC8494D52B88} = {A352758D-DD49-406B-81F3-FC8494D52B88}
		{3AF383AB-F184-4190-84DF-453ACE4CA89D} = {3AF383AB-F184-4190-84DF-453ACE4CA89D}
		{6FB36D12-30F9-49F5-B4B6-2E58C4390438} = {6FB36D12-30F9-49F5-B4B6-2E58C4390438}
		{40BA88AF-9923-4FC6-8466-CB5833843AC4} = {40BA88AF-9923-4FC6-8466-CB5833843AC4}
	EndProjectSection
EndProject
Project("{8BC9CEB8-8B4A-11D0-8D11-00A0C91BC942}") = "libwrc", "libwrc\libwrc.vcproj", "{B5E43F96-E790-4DBA-8891-4A14E7183D9A}"
	ProjectSection(ProjectDependencies) = postProject
		{5299814A-9BDD-4F91-ADF9-723068B3B642} = {5299814A-9BDD-4F91-ADF9-723068B3B642}
		{55652C23-9FE0-4E5B-930C-C3675C980351} = {55652C23-9FE0-4E5B-930C-C3675C980351}
		{754A36B3-E1DC-4975-89E4-EF0D82ACBC3B} = {754A36B3-E1DC-4975-89E4-EF0D82ACBC3B}
		{E31E45A2-E02E-49E7-843B-F390127F1184} = {E31E45A2-E02E-49E7-843B-F390127F1184}
		{A352758D-DD49-406B-81F3-FC8494D52B88} = {A352758D-DD49-406B-81F3-FC8494D52B88}
		{40BA88AF-9923-4FC6-8466-CB5833843AC4} = {40BA88AF-9923-4FC6-8466-CB5833843AC4}
		{3AF383AB-F184-4190-84DF-453ACE4CA89D} = {3AF383AB-F184-4190-84DF-453ACE4CA89D}
		{6FB36D12-30F9-49F5-B4B6-2E58C4390438} = {6FB36D12-30F9-49F5-B4B6-2E58C4390438}
		{7A4327FF-CA12-4A1A-A7CF-5328BDAA9942} = {7A4327FF-CA12-4A1A-A7CF-5328BDAA9942}
		{4B4599D2-DBF5-4E0A-9669-94032C1320A9} = {4B4599D2-DBF5-4E0A-9669-94032C1320A9}
		{AABC80BB-79B3-49BA-8A90-9AAC2A3B404F} = {AABC80BB-79B3-49BA-8A90-9AAC2A3B404F}
		{F6707C74-BCE0-40FC-9900-DDA579029FBA} = {F6707C74-BCE0-40FC-9900-DDA579029FBA}
		{9C232121-5F91-4559-A4F5-AAFAB5BDE0FC} = {9C232121-5F91-4559-A4F5-AAFAB5BDE0FC}
		{35A5D4B4-775C-40E3-B364-19562437CD80} = {35A5D4B4-775C-40E3-B364-19562437CD80}
		{C6DCD3D9-4397-466E-AC94-49A590DA0EC6} = {C6DCD3D9-4397-466E-AC94-49A590DA0EC6}
		{1D7A10ED-2939-4C11-BAA0-D37C2A8CD6F7} = {1D7A10ED-2939-4C11-BAA0-D37C2A8CD6F7}
	EndProjectSection
EndProject
Project("{8BC9CEB8-8B4A-11D0-8D11-00A0C91BC942}") = "pyevtx", "pyevtx\pyevtx.vcproj", "{2D239718-8401-4E75-88FD-E81DF267543A}"
	ProjectSection(ProjectDependencies) = postProject
		{5299814A-9BDD-4F91-ADF9-723068B3B642} = {5299814A-9BDD-4F91-ADF9-723068B3B642}
		{91D35439-5C77-4084-B94A-45B055A97971} = {91D35439-5C77-4084-B94A-45B055A97971}
		{55652C23-9FE0-4E5B-930C-C3675C980351} = {55652C23-9FE0-4E5B-930C-C3675C980351}
		{754A36B3-E1DC-4975-89E4-EF0D82ACBC3B} = {754A36B3-E1DC-4975-89E4-EF0D82ACBC3B}
		{A352758D-DD49-406B-81F3-FC8494D52B88} = {A352758D-DD49-406B-81F3-FC8494D52B88}
		{40BA88AF-9923-4FC6-8466-CB5833843AC4} = {40BA88AF-9923-4FC6-8466-CB5833843AC4}
		{3AF383AB-F184-4190-84DF-453ACE4CA89D} = {3AF383AB-F184-4190-84DF-453ACE4CA89D}
		{6FB36D12-30F9-49F5-B4B6-2E58C4390438} = {6FB36D12-30F9-49F5-B4B6-2E58C4390438}
		{7A4327FF-CA12-4A1A-A7CF-5328BDAA9942} = {7A4327FF-CA12-4A1A-A7CF-5328BDAA9942}
	EndProjectSection
EndProject
Project("{8BC9CEB8-8B4A-11D0-8D11-00A0C91BC942}") = "libfdatetime", "libfdatetime\libfdatetime.vcproj", "{F6707C74-BCE0-40FC-9900-DDA579029FBA}"
	ProjectSection(ProjectDependencies) = postProject
		{5299814A-9BDD-4F91-ADF9-723068B3B642} = {5299814A-9BDD-4F91-ADF9-723068B3B642}
	EndProjectSection
EndProject
Project("{8BC9CEB8-8B4A-11D0-8D11-00A0C91BC942}") = "libcfile", "libcfile\libcfile.vcproj", "{3AF383AB-F184-4190-84DF-453ACE4CA89D}"
	ProjectSection(ProjectDependencies) = postProject
		{5299814A-9BDD-4F91-ADF9-723068B3B642} = {5299814A-9BDD-4F91-ADF9-723068B3B642}
		{754A36B3-E1DC-4975-89E4-EF0D82ACBC3B} = {754A36B3-E1DC-4975-89E4-EF0D82ACBC3B}
		{E31E45A2-E02E-49E7-843B-F390127F1184} = {E31E45A2-E02E-49E7-843B-F390127F1184}
		{40BA88AF-9923-4FC6-8466-CB5833843AC4} = {40BA88AF-9923-4FC6-8466-CB5833843AC4}
	EndProjectSection
EndProject
Project("{8BC9CEB8-8B4A-11D0-8D11-00A0C91BC942}") = "libfwnt", "libfwnt\libfwnt.vcproj", "{1D7A10ED-2939-4C11-BAA0-D37C2A8CD6F7}"
	ProjectSection(ProjectDependencies) = postProject
		{5299814A-9BDD-4F91-ADF9-723068B3B642} = {5299814A-9BDD-4F91-ADF9-723068B3B642}
		{48D8ABE8-71E3-4C29-A265-138C36783578} = {48D8ABE8-71E3-4C29-A265-138C36783578}
		{55652C23-9FE0-4E5B-930C-C3675C980351} = {55652C23-9FE0-4E5B-930C-C3675C980351}
		{E31E45A2-E02E-49E7-843B-F390127F1184} = {E31E45A2-E02E-49E7-843B-F390127F1184}
	EndProjectSection
EndProject
Project("{8BC9CEB8-8B4A-11D0-8D11-00A0C91BC942}") = "libcthreads", "libcthreads\libcthreads.vcproj", "{48D8ABE8-71E3-4C29-A265-138C36783578}"
	ProjectSection(ProjectDependencies) = postProject
		{5299814A-9BDD-4F91-ADF9-723068B3B642} = {5299814A-9BDD-4F91-ADF9-723068B3B642}
	EndProjectSection
EndProject
Project("{8BC9CEB8-8B4A-11D0-8D11-00A0C91BC942}") = "evtxexport", "evtxexport\evtxexport.vcproj", "{4C0A33FC-0B42-4735-B5C9-EA49F17A9478}"
	ProjectSection(ProjectDependencies) = postProject
		{7F42F80A-6FE8-4634-8455-5D08A1E24BAA} = {7F42F80A-6FE8-4634-8455-5D08A1E24BAA}
		{B5E43F96-E790-4DBA-8891-4A14E7183D9A} = {B5E43F96-E790-4DBA-8891-4A14E7183D9A}
		{D9D3120F-1242-4538-82CD-A99B1BC9A3DF} = {D9D3120F-1242-4538-82CD-A99B1BC9A3DF}
		{35A5D4B4-775C-40E3-B364-19562437CD80} = {35A5D4B4-775C-40E3-B364-19562437CD80}
		{1D7A10ED-2939-4C11-BAA0-D37C2A8CD6F7} = {1D7A10ED-2939-4C11-BAA0-D37C2A8CD6F7}
		{C6DCD3D9-4397-466E-AC94-49A590DA0EC6} = {C6DCD3D9-4397-466E-AC94-49A590DA0EC6}
		{9C232121-5F91-4559-A4F5-AAFAB5BDE0FC} = {9C232121-5F91-4559-A4F5-AAFAB5BDE0FC}
		{F6707C74-BCE0-40FC-9900-DDA579029FBA} = {F6707C74-BCE0-40FC-9900-DDA579029FBA}
		{AABC80BB-79B3-49BA-8A90-9AAC2A3B404F} = {AABC80BB-79B3-49BA-8A90-9AAC2A3B404F}
		{4B4599D2-DBF5-4E0A-9669-94032C1320A9} = {4B4599D2-DBF5-4E0A-9669-94032C1320A9}
		{7A4327FF-CA12-4A1A-A7CF-5328BDAA9942} = {7A4327FF-CA12-4A1A-A7CF-5328BDAA9942}
		{6FB36D12-30F9-49F5-B4B6-2E58C4390438} = {6FB36D12-30F9-49F5-B4B6-2E58C4390438}
		{3AF383AB-F184-4190-84DF-453ACE4CA89D} = {3AF383AB-F184-4190-84DF-453ACE4CA89D}
		{62C67404-7985-4120-85BA-3C0424784434} = {62C67404-7985-4120-85BA-3C0424784434}
		{40BA88AF-9923-4FC6-8466-CB5833843AC4} = {40BA88AF-9923-4FC6-8466-CB5833843AC4}
		{A352758D-DD49-406B-81F3-FC8494D52B88} = {A352758D-DD49-406B-81F3-FC8494D52B88}
		{E31E45A2-E02E-49E7-843B-F390127F1184} = {E31E45A2-E02E-49E7-843B-F390127F1184}
		{754A36B3-E1DC-4975-89E4-EF0D82ACBC3B} = {754A36B3-E1DC-4975-89E4-EF0D82ACBC3B}
		{55652C23-9FE0-4E5B-930C-C3675C980351} = {55652C23-9FE0-4E5B-930C-C3675C980351}
		{91D35439-5C77-4084-B94A-45B055A97971} = {91D35439-5C77-4084-B94A-45B055A97971}
		{48D8ABE8-71E3-4C29-A265-138C36783578} = {48D8ABE8-71E3-4C29-A265-138C36783578}
		{5299814A-9BDD-4F91-ADF9-723068B3B642} = {5299814A-9BDD-4F91-ADF9-723068B3B642}
	EndProjectSection
EndProject
Project("{8BC9CEB8-8B4A-11D0-8D11-00A0C91BC942}") = "evtxinfo", "evtxinfo\evtxinfo.vcproj", "{0D975F50-1FE8-498E-B597-9960DFC995AC}"
	ProjectSection(ProjectDependencies) = postProject
		{40BA88AF-9923-4FC6-8466-CB5833843AC4} = {40BA88AF-9923-4FC6-8466-CB5833843AC4}
		{A352758D-DD49-406B-81F3-FC8494D52B88} = {A352758D-DD49-406B-81F3-FC8494D52B88}
		{E31E45A2-E02E-49E7-843B-F390127F1184} = {E31E45A2-E02E-49E7-843B-F390127F1184}
		{754A36B3-E1DC-4975-89E4-EF0D82ACBC3B} = {754A36B3-E1DC-4975-89E4-EF0D82ACBC3B}
		{91D35439-5C77-4084-B94A-45B055A97971} = {91D35439-5C77-4084-B94A-45B055A97971}
		{48D8ABE8-71E3-4C29-A265-138C36783578} = {48D8ABE8-71E3-4C29-A265-138C36783578}
		{5299814A-9BDD-4F91-ADF9-723068B3B642} = {5299814A-9BDD-4F91-ADF9-723068B3B642}
	EndProjectSection
EndProject
Project("{8BC9CEB8-8B4A-11D0-8D11-00A0C91BC942}") = "libcpath", "libcpath\libcpath.vcproj", "{6FB36D12-30F9-49F5-B4B6-2E58C4390438}"
	ProjectSection(ProjectDependencies) = postProject
		{5299814A-9BDD-4F91-ADF9-723068B3B642} = {5299814A-9BDD-4F91-ADF9-723068B3B642}
		{754A36B3-E1DC-4975-89E4-EF0D82ACBC3B} = {754A36B3-E1DC-4975-89E4-EF0D82ACBC3B}
		{A352758D-DD49-406B-81F3-FC8494D52B88} = {A352758D-DD49-406B-81F3-FC8494D52B88}
		{40BA88AF-9923-4FC6-8466-CB5833843AC4} = {40BA88AF-9923-4FC6-8466-CB5833843AC4}
	EndProjectSection
EndProject
Project("{8BC9CEB8-8B4A-11D0-8D11-00A0C91BC942}") = "libregf", "libregf\libregf.vcproj", "{7F42F80A-6FE8-4634-8455-5D08A1E24BAA}"
	ProjectSection(ProjectDependencies) = postProject
		{5299814A-9BDD-4F91-ADF9-723068B3B642} = {5299814A-9BDD-4F91-ADF9-723068B3B642}
		{48D8ABE8-71E3-4C29-A265-138C36783578} = {48D8ABE8-71E3-4C29-A265-138C36783578}
		{55652C23-9FE0-4E5B-930C-C3675C980351} = {55652C23-9FE0-4E5B-930C-C3675C980351}
		{754A36B3-E1DC-4975-89E4-EF0D82ACBC3B} = {754A36B3-E1DC-4975-89E4-EF0D82ACBC3B}
		{E31E45A2-E02E-49E7-843B-F390127F1184} = {E31E45A2-E02E-49E7-843B-F390127F1184}
		{A352758D-DD49-406B-81F3-FC8494D52B88} = {A352758D-DD49-406B-81F3-FC8494D52B88}
		{40BA88AF-9923-4FC6-8466-CB5833843AC4} = {40BA88AF-9923-4FC6-8466-CB5833843AC4}
		{3AF383AB-F184-4190-84DF-453ACE4CA89D} = {3AF383AB-F184-4190-84DF-453ACE4CA89D}
		{6FB36D12-30F9-49F5-B4B6-2E58C4390438} = {6FB36D12-30F9-49F5-B4B6-2E58C4390438}
		{7A4327FF-CA12-4A1A-A7CF-5328BDAA9942} = {7A4327FF-CA12-4A1A-A7CF-5328BDAA9942}
		{4B4599D2-DBF5-4E0A-9669-94032C1320A9} = {4B4599D2-DBF5-4E0A-9669-94032C1320A9}
		{AABC80BB-79B3-49BA-8A90-9AAC2A3B404F} = {AABC80BB-79B3-49BA-8A90-9AAC2A3B404F}
		{F6707C74-BCE0-40FC-9900-DDA579029FBA} = {F6707C74-BCE0-40FC-9900-DDA579029FBA}
		{1D7A10ED-2939-4C11-BAA0-D37C2A8CD6F7} = {1D7A10ED-2939-4C11-BAA0-D37C2A8CD6F7}
	EndProjectSection
EndProject
Project("{8BC9CEB8-8B4A-11D0-8D11-00A0C91BC942}") = "libuna", "libuna\libuna.vcproj", "{40BA88AF-9923-4FC6-8466-CB5833843AC4}"
	ProjectSection(ProjectDependencies) = postProject
		{5299814A-9BDD-4F91-ADF9-723068B3B642} = {5299814A-9BDD-4F91-ADF9-723068B3B642}
	EndProjectSection
EndProject
Project("{8BC9CEB8-8B4A-11D0-8D11-00A0C91BC942}") = "libfvalue", "libfvalue\libfvalue.vcproj", "{35A5D4B4-775C-40E3-B364-19562437CD80}"
	ProjectSection(ProjectDependencies) = postProject
		{5299814A-9BDD-4F91-ADF9-723068B3B642} = {5299814A-9BDD-4F91-ADF9-723068B3B642}
		{48D8ABE8-71E3-4C29-A265-138C36783578} = {48D8ABE8-71E3-4C29-A265-138C36783578}
		{55652C23-9FE0-4E5B-930C-C3675C980351} = {55652C23-9FE0-4E5B-930C-C3675C980351}
		{E31E45A2-E02E-49E7-843B-F390127F1184} = {E31E45A2-E02E-49E7-843B-F390127F1184}
		{40BA88AF-9923-4FC6-8466-CB5833843AC4} = {40BA88AF-9923-4FC6-8466-CB5833843AC4}
		{F6707C74-BCE0-40FC-9900-DDA579029FBA} = {F6707C74-BCE0-40FC-9900-DDA579029FBA}
		{9C232121-5F91-4559-A4F5-AAFAB5BDE0FC} = {9C232121-5F91-4559-A4F5-AAFAB5BDE0FC}
		{1D7A10ED-2939-4C11-BAA0-D37C2A8CD6F7} = {1D7A10ED-2939-4C11-BAA0-D37C2A8CD6F7}
	EndProjectSection
EndProject
Project("{8BC9CEB8-8B4A-11D0-8D11-00A0C91BC942}") = "libcerror", "libcerror\libcerror.vcproj", "{5299814A-9BDD-4F91-ADF9-723068B3B642}"
EndProject
Project("{8BC9CEB8-8B4A-11D0-8D11-00A0C91BC942}") = "libcnotify", "libcnotify\libcnotify.vcproj", "{E31E45A2-E02E-49E7-843B-F390127F1184}"
	ProjectSection(ProjectDependencies) = postProject
		{5299814A-9BDD-4F91-ADF9-723068B3B642} = {5299814A-9BDD-4F91-ADF9-723068B3B642}
	EndProjectSection
EndProject
Project("{8BC9CEB8-8B4A-11D0-8D11-00A0C91BC942}") = "libcdirectory", "libcdirectory\libcdirectory.vcproj", "{62C67404-7985-4120-85BA-3C0424784434}"
	ProjectSection(ProjectDependencies) = postProject
		{5299814A-9BDD-4F91-ADF9-723068B3B642} = {5299814A-9BDD-4F91-ADF9-723068B3B642}
		{754A36B3-E1DC-4975-89E4-EF0D82ACBC3B} = {754A36B3-E1DC-4975-89E4-EF0D82ACBC3B}
		{40BA88AF-9923-4FC6-8466-CB5833843AC4} = {40BA88AF-9923-4FC6-8466-CB5833843AC4}
	EndProjectSection
EndProject
Project("{8BC9CEB8-8B4A-11D0-8D11-00A0C91BC942}") = "libfdata", "libfdata\libfdata.vcproj", "{AABC80BB-79B3-49BA-8A90-9AAC2A3B404F}"
	ProjectSection(ProjectDependencies) = postProject
		{5299814A-9BDD-4F91-ADF9-723068B3B642} = {5299814A-9BDD-4F91-ADF9-723068B3B642}
		{48D8ABE8-71E3-4C29-A265-138C36783578} = {48D8ABE8-71E3-4C29-A265-138C36783578}
		{55652C23-9FE0-4E5B-930C-C3675C980351} = {55652C23-9FE0-4E5B-930C-C3675C980351}
		{E31E45A2-E02E-49E7-843B-F390127F1184} = {E31E45A2-E02E-49E7-843B-F390127F1184}
		{4B4599D2-DBF5-4E0A-9669-94032C1320A9} = {4B4599D2-DBF5-4E0A-9669-94032C1320A9}
	EndProjectSection
EndProject
Project("{8BC9CEB8-8B4A-11D0-8D11-00A0C91BC942}") = "libcdata", "libcdata\libcdata.vcproj", "{55652C23-9FE0-4E5B-930C-C3675C980351}"
	ProjectSection(ProjectDependencies) = postProject
		{5299814A-9BDD-4F91-ADF9-723068B3B642} = {5299814A-9BDD-4F91-ADF9-723068B3B642}
		{48D8ABE8-71E3-4C29-A265-138C36783578} = {48D8ABE8-71E3-4C29-A265-138C36783578}
	EndProjectSection
EndProject
Project("{8BC9CEB8-8B4A-11D0-8D11-00A0C91BC942}") = "libcsplit", "libcsplit\libcsplit.vcproj", "{A352758D-DD49-406B-81F3-FC8494D52B88}"
	ProjectSection(ProjectDependencies) = postProject
		{5299814A-9BDD-4F91-ADF9-723068B3B642} = {5299814A-9BDD-4F91-ADF9-723068B3B642}
	EndProjectSection
EndProject
Global
	GlobalSection(SolutionConfigurationPlatforms) = preSolution
		Release|Win32 = Release|Win32
		VSDebug|Win32 = VSDebug|Win32
	EndGlobalSection
	GlobalSection(ProjectConfigurationPlatforms) = postSolution
		{C6DCD3D9-4397-466E-AC94-49A590DA0EC6}.Release|Win32.ActiveCfg = Release|Win32
		{C6DCD3D9-4397-466E-AC94-49A590DA0EC6}.Release|Win32.Build.0 = Release|Win32
		{C6DCD3D9-4397-466E-AC94-49A590DA0EC6}.VSDebug|Win32.ActiveCfg = VSDebug|Win32
		{C6DCD3D9-4397-466E-AC94-49A590DA0EC6}.VSDebug|Win32.Build.0 = VSDebug|Win32
		{4B4599D2-DBF5-4E0A-9669-94032C1320A9}.Release|Win32.ActiveCfg = Release|Win32
		{4B4599D2-DBF5-4E0A-9669-94032C1320A9}.Release|Win32.Build.0 = Release|Win32
		{4B4599D2-DBF5-4E0A-9669-94032C1320A9}.VSDebug|Win32.ActiveCfg = VSDebug|Win32
		{4B4599D2-DBF5-4E0A-9669-94032C1320A9}.VSDebug|Win32.Build.0 = VSDebug|Win32
		{D9D3120F-1242-4538-82CD-A99B1BC9A3DF}.Release|Win32.ActiveCfg = Release|Win32
		{D9D3120F-1242-4538-82CD-A99B1BC9A3DF}.Release|Win32.Build.0 = Release|Win32
		{D9D3120F-1242-4538-82CD-A99B1BC9A3DF}.VSDebug|Win32.ActiveCfg = VSDebug|Win32
		{D9D3120F-1242-4538-82CD-A99B1BC9A3DF}.VSDebug|Win32.Build.0 = VSDebug|Win32
		{9C232121-5F91-4559-A4F5-AAFAB5BDE0FC}.Release|Win32.ActiveCfg = Release|Win32
		{9C232121-5F91-4559-A4F5-AAFAB5BDE0FC}.Release|Win32.Build.0 = Release|Win32
		{9C232121-5F91-4559-A4F5-AAFAB5BDE0FC}.VSDebug|Win32.ActiveCfg = VSDebug|Win32
		{9C232121-5F91-4559-A4F5-AAFAB5BDE0FC}.VSDebug|Win32.Build.0 = VSDebug|Win32
		{D840C869-2266-4422-BD66-CAF20CED4832}.Release|Win32.ActiveCfg = Release|Win32
		{D840C869-2266-4422-BD66-CAF20CED4832}.Release|Win32.Build.0 = Release|Win32
		{D840C869-2266-4422-BD66-CAF20CED4832}.VSDebug|Win32.ActiveCfg = VSDebug|Win32
		{D840C869-2266-4422-BD66-CAF20CED4832}.VSDebug|Win32.Build.0 = VSDebug|Win32
		{2AE899E9-29D4-4921-9B34-470BD450ADDB}.Release|Win32.ActiveCfg = Release|Win32
		{2AE899E9-29D4-4921-9B34-470BD450ADDB}.Release|Win32.Build.0 = Release|Win32
		{2AE899E9-29D4-4921-9B34-470BD450ADDB}.VSDebug|Win32.ActiveCfg = VSDebug|Win32
		{2AE899E9-29D4-4921-9B34-470BD450ADDB}.VSDebug|Win32.Build.0 = VSDebug|Win32
		{D5374706-39C2-43A0-BCEA-D4A5B3F7E452}.Release|Win32.ActiveCfg = Release|Win32
		{D5374706-39C2-43A0-BCEA-D4A5B3F7E452}.Release|Win32.Build.0 = Release|Win32
		{D5374706-39C2-43A0-BCEA-D4A5B3F7E452}.VSDebug|Win32.ActiveCfg = VSDebug|Win32
		{D5374706-39C2-43A0-BCEA-D4A5B3F7E452}.VSDebug|Win32.Build.0 = VSDebug|Win32
		{EE2C5CA8-AD6D-43FD-94F5-5711BA1007EB}.Release|Win32.ActiveCfg = Release|Win32
		{EE2C5CA8-AD6D-43FD-94F5-5711BA1007EB}.Release|Win32.Build.0 = Release|Win32
		{EE2C5CA8-AD6D-43FD-94F5-5711BA1007EB}.VSDebug|Win32.ActiveCfg = VSDebug|Win32
		{EE2C5CA8-AD6D-43FD-94F5-5711BA1007EB}.VSDebug|Win32.Build.0 = VSDebug|Win32
		{6ECA82D7-4570-4B9E-AF48-D3C7312912C8}.Release|Win32.ActiveCfg = Release|Win32
		{6ECA82D7-4570-4B9E-AF48-D3C7312912C8}.Release|Win32.Build.0 = Release|Win32
		{6ECA82D7-4570-4B9E-AF48-D3C7312912C8}.VSDebug|Win32.ActiveCfg = VSDebug|Win32
		{6ECA82D7-4570-4B9E-AF48-D3C7312912C8}.VSDebug|Win32.Build.0 = VSDebug|Win32
		{817CFF30-C20D-4B97-B144-0957548613D4}.Release|Win32.ActiveCfg = Release|Win32
		{817CFF30-C20D-4B97-B144-0957548613D4}.Release|Win32.Build.0 = Release|Win32
		{817CFF30-C20D-4B97-B144-0957548613D4}.VSDebug|Win32.ActiveCfg = VSDebug|Win32
		{817CFF30-C20D-4B97-B144-0957548613D4}.VSDebug|Win32.Build.0 = VSDebug|Win32
		{51C5C6C4-684E-4B2E-A220-3F177CD5D139}.Release|Win32.ActiveCfg = Release|Win32
		{51C5C6C4-684E-4B2E-A220-3F177CD5D139}.Release|Win32.Build.0 = Release|Win32
		{51C5C6C4-684E-4B2E-A220-3F177CD5D139}.VSDebug|Win32.ActiveCfg = VSDebug|Win32
		{51C5C6C4-684E-4B2E-A220-3F177CD5D139}.VSDebug|Win32.Build.0 = VSDebug|Win32
		{A73C40E8-0224-41D6-8FB0-C46CC44215B0}.Release|Win32.ActiveCfg = Release|Win32
		{A73C40E8-0224-41D6-8FB0-C46CC44215B0}.Release|Win32.Build.0 = Release|Win32
		{A73C40E8-0224-41D6-8FB0-C46CC44215B0}.VSDebug|Win32.ActiveCfg = VSDebug|Win32
		{A73C40E8-0224-41D6-8FB0-C46CC44215B0}.VSDebug|Win32.Build.0 = VSDebug|Win32
		{98244676-8D2C-4900-A8CA-E7357EA78844}.Release|Win32.ActiveCfg = Release|Win32
		{98244676-8D2C-4900-A8CA-E7357EA78844}.Release|Win32.Build.0 = Release|Win32
		{98244676-8D2C-4900-A8CA-E7357EA78844}.VSDebug|Win32.ActiveCfg = VSDebug|Win32
		{98244676-8D2C-4900-A8CA-E7357EA78844}.VSDebug|Win32.Build.0 = VSDebug|Win32
		{F7453089-EA30-4F71-9C6E-630C02E37383}.Release|Win32.ActiveCfg = Release|Win32
		{F7453089-EA30-4F71-9C6E-630C02E37383}.Release|Win32.Build.0 = Release|Win32
		{F7453089-EA30-4F71-9C6E-630C02E37383}.VSDebug|Win32.ActiveCfg = VSDebug|Win32
		{F7453089-EA30-4F71-9C6E-630C02E37383}.VSDebug|Win32.Build.0 = VSDebug|Win32
		{91D35439-5C77-4084-B94A-45B055A97971}.Release|Win32.ActiveCfg = Release|Win32
		{91D35439-5C77-4084-B94A-45B055A97971}.Release|Win32.Build.0 = Release|Win32
		{91D35439-5C77-4084-B94A-45B055A97971}.VSDebug|Win32.ActiveCfg = VSDebug|Win32
		{91D35439-5C77-4084-B94A-45B055A97971}.VSDebug|Win32.Build.0 = VSDebug|Win32
		{754A36B3-E1DC-4975-89E4-EF0D82ACBC3B}.Release|Win32.ActiveCfg = Release|Win32
		{754A36B3-E1DC-4975-89E4-EF0D82ACBC3B}.Release|Win32.Build.0 = Release|Win32
		{754A36B3-E1DC-4975-89E4-EF0D82ACBC3B}.VSDebug|Win32.ActiveCfg = VSDebug|Win32
		{754A36B3-E1DC-4975-89E4-EF0D82ACBC3B}.VSDebug|Win32.Build.0 = VSDebug|Win32
		{7A4327FF-CA12-4A1A-A7CF-5328BDAA9942}.Release|Win32.ActiveCfg = Release|Win32
		{7A4327FF-CA12-4A1A-A7CF-5328BDAA9942}.Release|Win32.Build.0 = Release|Win32
		{7A4327FF-CA12-4A1A-A7CF-5328BDAA9942}.VSDebug|Win32.ActiveCfg = VSDebug|Win32
		{7A4327FF-CA12-4A1A-A7CF-5328BDAA9942}.VSDebug|Win32.Build.0 = VSDebug|Win32
		{B5E43F96-E790-4DBA-8891-4A14E7183D9A}.Release|Win32.ActiveCfg = Release|Win32
		{B5E43F96-E790-4DBA-8891-4A14E7183D9A}.Release|Win32.Build.0 = Release|Win32
		{B5E43F96-E790-4DBA-8891-4A14E7183D9A}.VSDebug|Win32.ActiveCfg = VSDebug|Win32
		{B5E43F96-E790-4DBA-8891-4A14E7183D9A}.VSDebug|Win32.Build.0 = VSDebug|Win32
		{2D239718-8401-4E75-88FD-E81DF267543A}.Release|Win32.ActiveCfg = Release|Win32
		{2D239718-8401-4E75-88FD-E81DF267543A}.Release|Win32.Build.0 = Release|Win32
		{2D239718-8401-4E75-88FD-E81DF267543A}.VSDebug|Win32.ActiveCfg = VSDebug|Win32
		{2D239718-8401-4E75-88FD-E81DF267543A}.VSDebug|Win32.Build.0 = VSDebug|Win32
		{F6707C74-BCE0-40FC-9900-DDA579029FBA}.Release|Win32.ActiveCfg = Release|Win32
		{F6707C74-BCE0-40FC-9900-DDA579029FBA}.Release|Win32.Build.0 = Release|Win32
		{F6707C74-BCE0-40FC-9900-DDA579029FBA}.VSDebug|Win32.ActiveCfg = VSDebug|Win32
		{F6707C74-BCE0-40FC-9900-DDA579029FBA}.VSDebug|Win32.Build.0 = VSDebug|Win32
		{3AF383AB-F184-4190-84DF-453ACE4CA89D}.Release|Win32.ActiveCfg = Release|Win32
		{3AF383AB-F184-4190-84DF-453ACE4CA89D}.Release|Win32.Build.0 = Release|Win32
		{3AF383AB-F184-4190-84DF-453ACE4CA89D}.VSDebug|Win32.ActiveCfg = VSDebug|Win32
		{3AF383AB-F184-4190-84DF-453ACE4CA89D}.VSDebug|Win32.Build.0 = VSDebug|Win32
		{1D7A10ED-2939-4C11-BAA0-D37C2A8CD6F7}.Release|Win32.ActiveCfg = Release|Win32
		{1D7A10ED-2939-4C11-BAA0-D37C2A8CD6F7}.Release|Win32.Build.0 = Release|Win32
		{1D7A10ED-2939-4C11-BAA0-D37C2A8CD6F7}.VSDebug|Win32.ActiveCfg = VSDebug|Win32
		{1D7A10ED-2939-4C11-BAA0-D37C2A8CD6F7}.VSDebug|Win32.Build.0 = VSDebug|Win32
		{48D8ABE8-71E3-4C29-A265-138C36783578}.Release|Win32.ActiveCfg = Release|Win32
		{48D8ABE8-71E3-4C29-A265-138C36783578}.Release|Win32.Build.0 = Release|Win32
		{48D8ABE8-71E3-4C29-A265-138C36783578}.VSDebug|Win32.ActiveCfg = VSDebug|Win32
		{48D8ABE8-71E3-4C29-A265-138C36783578}.VSDebug|Win32.Build.0 = VSDebug|Win32
		{4C0A33FC-0B42-4735-B5C9-EA49F17A9478}.Release|Win32.ActiveCfg = Release|Win32
		{4C0A33FC-0B42-4735-B5C9-EA49F17A9478}.Release|Win32.Build.0 = Release|Win32
		{4C0A33FC-0B42-4735-B5C9-EA49F17A9478}.VSDebug|Win32.ActiveCfg = VSDebug|Win32
		{4C0A33FC-0B42-4735-B5C9-EA49F17A9478}.VSDebug|Win32.Build.0 = VSDebug|Win32
		{0D975F50-1FE8-498E-B597-9960DFC995AC}.Release|Win32.ActiveCfg = Release|Win32
		{0D975F50-1FE8-498E-B597-9960DFC995AC}.Release|Win32.Build.0 = Release|Win32
		{0D975F50-1FE8-498E-B597-9960DFC995AC}.VSDebug|Win32.ActiveCfg = VSDebug|Win32
		{0D975F50-1FE8-498E-B597-9960DFC995AC}.VSDebug|Win32.Build.0 = VSDebug|Win32
		{6FB36D12-30F9-49F5-B4B6-2E58C4390438}.Release|Win32.ActiveCfg = Release|Win32
		{6FB36D12-30F9-49F5-B4B6-2E58C4390438}.Release|Win32.Build.0 = Release|Win32
		{6FB36D12-30F9-49F5-B4B6-2E58C4390438}.VSDebug|Win32.ActiveCfg = VSDebug|Win32
		{6FB36D12-30F9-49F5-B4B6-2E58C4390438}.VSDebug|Win32.Build.0 = VSDebug|Win32
		{7F42F80A-6FE8-4634-8455-5D08A1E24BAA}.Release|Win32.ActiveCfg = Release|Win32
		{7F42F80A-6FE8-4634-8455-5D08A1E24BAA}.Release|Win32.Build.0 = Release|Win32
		{7F42F80A-6FE8-4634-8455-5D08A1E24BAA}.VSDebug|Win32.ActiveCfg = VSDebug|Win32
		{7F42F80A-6FE8-4634-8455-5D08A1E24BAA}.VSDebug|Win32.Build.0 = VSDebug|Win32
		{40BA88AF-9923-4FC6-8466-CB5833843AC4}.Release|Win32.ActiveCfg = Release|Win32
		{40BA88AF-9923-4FC6-8466-CB5833843AC4}.Release|Win32.Build.0 = Release|Win32
		{40BA88AF-9923-4FC6-8466-CB5833843AC4}.VSDebug|Win32.ActiveCfg = VSDebug|Win32
		{40BA88AF-9923-4FC6-8466-CB5833843AC4}.VSDebug|Win32.Build.0 = VSDebug|Win32
		{35A5D4B4-775C-40E3-B364-19562437CD80}.Release|Win32.ActiveCfg = Release|Win32
		{35A5D4B4-775C-40E3-B364-19562437CD80}.Release|Win32.Build.0 = Release|Win32
		{35A5D4B4-775C-40E3-B364-19562437CD80}.VSDebug|Win32.ActiveCfg = VSDebug|Win32
		{35A5D4B4-775C-40E3-B364-19562437CD80}.VSDebug|Win32.Build.0 = VSDebug|Win32
		{5299814A-9BDD-4F91-ADF9-723068B3B642}.Release|Win32.ActiveCfg = Release|Win32
		{5299814A-9BDD-4F91-ADF9-723068B3B642}.Release|Win32.Build.0 = Release|Win32
		{5299814A-9BDD-4F91-ADF9-723068B3B642}.VSDebug|Win32.ActiveCfg = VSDebug|Win32
		{5299814A-9BDD-4F91-ADF9-723068B3B642}.VSDebug|Win32.Build.0 = VSDebug|Win32
		{E31E45A2-E02E-49E7-843B-F390127F1184}.Release|Win32.ActiveCfg = Release|Win32
		{E31E45A2-E02E-49E7-843B-F390127F1184}.Release|Win32.Build.0 = Release|Win32
		{E31E45A2-E02E-49E7-843B-F390127F1184}.VSDebug|Win32.ActiveCfg = VSDebug|Win32
		{E31E45A2-E02E-49E7-843B-F390127F1184}.VSDebug|Win32.Build.0 = VSDebug|Win32
		{62C67404-7985-4120-85BA-3C0424784434}.Release|Win32.ActiveCfg = Release|Win32
		{62C67404-7985-4120-85BA-3C0424784434}.Release|Win32.Build.0 = Release|Win32
		{62C67404-7985-4120-85BA-3C0424784434}.VSDebug|Win32.ActiveCfg = VSDebug|Win32
		{62C67404-7985-4120-85BA-3C0424784434}.VSDebug|Win32.Build.0 = VSDebug|Win32
		{AABC80BB-79B3-49BA-8A90-9AAC2A3B404F}.Release|Win32.ActiveCfg = Release|Win32
		{AABC80BB-79B3-49BA-8A90-9AAC2A3B404F}.Release|Win32.Build.0 = Release|Win32
		{AABC80BB-79B3-49BA-8A90-9AAC2A3B404F}.VSDebug|Win32.ActiveCfg = VSDebug|Win32
		{AABC80BB-79B3-49BA-8A90-9AAC2A3B404F}.VSDebug|Win32.Build.0 = VSDebug|Win32
		{55652C23-9FE0-4E5B-930C-C3675C980351}.Release|Win32.ActiveCfg = Release|Win32
		{55652C23-9FE0-4E5B-930C-C3675C980351}.Release|Win32.Build.0 = Release|Win32
		{55652C23-9FE0-4E5B-930C-C3675C980351}.VSDebug|Win32.ActiveCfg = VSDebug|Win32
		{55652C23-9FE0-4E5B-930C-C3675C980351}.VSDebug|Win32.Build.0 = VSDebug|Win32
		{A352758D-DD49-406B-81F3-FC8494D52B88}.Release|Win32.ActiveCfg = Release|Win32
		{A352758D-DD49-406B-81F3-FC8494D52B88}.Release|Win32.Build.0 = Release|Win32
		{A352758D-DD49-406B-81F3-FC8494D52B88}.VSDebug|Win32.ActiveCfg = VSDebug|Win32
		{A352758D-DD49-406B-81F3-FC8494D52B88}.VSDebug|Win32.Build.0 = VSDebug|Win32
	EndGlobalSection
	GlobalSection(SolutionProperties) = preSolution
		HideSolutionNode = FALSE
	EndGlobalSection
EndGlobal
